<?xml version="1.0" encoding="utf-8"?>
<Project ToolsVersion="4.0" xmlns="http://schemas.microsoft.com/developer/msbuild/2003">
  <ItemGroup>
    <Filter Include="KaluoEngine">
      <UniqueIdentifier>{77F19EAD-E3A6-17A3-6C9B-117AD84F0EA7}</UniqueIdentifier>
    </Filter>
    <Filter Include="KaluoEngine\Events">
      <UniqueIdentifier>{7B715507-6755-165D-D0B5-10B0BCB800DF}</UniqueIdentifier>
    </Filter>
  </ItemGroup>
  <ItemGroup>
    <ClInclude Include="src\KaluoEngine.h" />
    <ClInclude Include="src\KaluoEngine\Application.h">
      <Filter>KaluoEngine</Filter>
    </ClInclude>
    <ClInclude Include="src\KaluoEngine\Core.h">
      <Filter>KaluoEngine</Filter>
    </ClInclude>
    <ClInclude Include="src\KaluoEngine\EntryPoint.h">
      <Filter>KaluoEngine</Filter>
    </ClInclude>
    <ClInclude Include="src\KaluoEngine\Events\ApplicationEvent.h">
      <Filter>KaluoEngine\Events</Filter>
    </ClInclude>
    <ClInclude Include="src\KaluoEngine\Events\Event.h">
      <Filter>KaluoEngine\Events</Filter>
    </ClInclude>
    <ClInclude Include="src\KaluoEngine\Events\KeyEvent.h">
      <Filter>KaluoEngine\Events</Filter>
    </ClInclude>
    <ClInclude Include="src\KaluoEngine\Events\MouseEvent.h">
      <Filter>KaluoEngine\Events</Filter>
    </ClInclude>
    <ClInclude Include="src\KaluoEngine\Log.h">
      <Filter>KaluoEngine</Filter>
    </ClInclude>
  </ItemGroup>
  <ItemGroup>
    <ClCompile Include="src\KaluoEngine\Application.cpp">
      <Filter>KaluoEngine</Filter>
    </ClCompile>
    <ClCompile Include="src\KaluoEngine\Log.cpp">
      <Filter>KaluoEngine</Filter>
    </ClCompile>
  </ItemGroup>
</Project>