<?xml version="1.0" encoding="utf-8"?>
<Project ToolsVersion="4.0" xmlns="http://schemas.microsoft.com/developer/msbuild/2003">
  <ItemGroup>
    <Filter Include="KaluoEngine">
      <UniqueIdentifier>{77F19EAD-E3A6-17A3-6C9B-117AD84F0EA7}</UniqueIdentifier>
    </Filter>
    <Filter Include="KaluoEngine\Events">
      <UniqueIdentifier>{7B715507-6755-165D-D0B5-10B0BCB800DF}</UniqueIdentifier>
    </Filter>
    <Filter Include="KaluoEngine\ImGui">
      <UniqueIdentifier>{E163AABA-4D7A-A850-96F1-3372024779D8}</UniqueIdentifier>
    </Filter>
    <Filter Include="Platform">
      <UniqueIdentifier>{2AC788B4-1694-E3BF-3FAD-D1672BD9184E}</UniqueIdentifier>
    </Filter>
    <Filter Include="Platform\OpenGL">
      <UniqueIdentifier>{1E7D2C1D-8A08-9AE1-9319-1DD6FF23F6E1}</UniqueIdentifier>
    </Filter>
    <Filter Include="Platform\Windows">
      <UniqueIdentifier>{64FBD71A-50F4-F66C-7926-DCF1657ED678}</UniqueIdentifier>
    </Filter>
  </ItemGroup>
  <ItemGroup>
    <ClInclude Include="src\KaluoEngine.h" />
    <ClInclude Include="src\KaluoEngine\Application.h">
      <Filter>KaluoEngine</Filter>
    </ClInclude>
    <ClInclude Include="src\KaluoEngine\Core.h">
      <Filter>KaluoEngine</Filter>
    </ClInclude>
    <ClInclude Include="src\KaluoEngine\EntryPoint.h">
      <Filter>KaluoEngine</Filter>
    </ClInclude>
    <ClInclude Include="src\KaluoEngine\Events\ApplicationEvent.h">
      <Filter>KaluoEngine\Events</Filter>
    </ClInclude>
    <ClInclude Include="src\KaluoEngine\Events\Event.h">
      <Filter>KaluoEngine\Events</Filter>
    </ClInclude>
    <ClInclude Include="src\KaluoEngine\Events\KeyEvent.h">
      <Filter>KaluoEngine\Events</Filter>
    </ClInclude>
    <ClInclude Include="src\KaluoEngine\Events\MouseEvent.h">
      <Filter>KaluoEngine\Events</Filter>
    </ClInclude>
    <ClInclude Include="src\KaluoEngine\ImGui\ImGuiLayer.h">
      <Filter>KaluoEngine\ImGui</Filter>
    </ClInclude>
    <ClInclude Include="src\KaluoEngine\Input.h">
      <Filter>KaluoEngine</Filter>
    </ClInclude>
    <ClInclude Include="src\KaluoEngine\Layer.h">
      <Filter>KaluoEngine</Filter>
    </ClInclude>
    <ClInclude Include="src\KaluoEngine\LayerStack.h">
      <Filter>KaluoEngine</Filter>
    </ClInclude>
    <ClInclude Include="src\KaluoEngine\Log.h">
      <Filter>KaluoEngine</Filter>
    </ClInclude>
    <ClInclude Include="src\Kaluopch.h" />
    <ClInclude Include="src\Platform\OpenGL\ImGuiOpenGLRenderer.h">
      <Filter>Platform\OpenGL</Filter>
    </ClInclude>
    <ClInclude Include="src\Platform\Windows\WindowsInput.h">
      <Filter>Platform\Windows</Filter>
    </ClInclude>
    <ClInclude Include="src\Platform\Windows\WindowsWindow.h">
      <Filter>Platform\Windows</Filter>
    </ClInclude>
    <ClInclude Include="src\Window.h" />
  </ItemGroup>
  <ItemGroup>
    <ClCompile Include="src\KaluoEngine\Application.cpp">
      <Filter>KaluoEngine</Filter>
    </ClCompile>
    <ClCompile Include="src\KaluoEngine\ImGui\ImGuiLayer.cpp">
      <Filter>KaluoEngine\ImGui</Filter>
    </ClCompile>
    <ClCompile Include="src\KaluoEngine\Layer.cpp">
      <Filter>KaluoEngine</Filter>
    </ClCompile>
    <ClCompile Include="src\KaluoEngine\LayerStack.cpp">
      <Filter>KaluoEngine</Filter>
    </ClCompile>
    <ClCompile Include="src\KaluoEngine\Log.cpp">
      <Filter>KaluoEngine</Filter>
    </ClCompile>
    <ClCompile Include="src\Kaluopch.cpp" />
    <ClCompile Include="src\Platform\OpenGL\ImGuiOpenGLRenderer.cpp">
      <Filter>Platform\OpenGL</Filter>
    </ClCompile>
    <ClCompile Include="src\Platform\Windows\WindowsInput.cpp">
      <Filter>Platform\Windows</Filter>
    </ClCompile>
    <ClCompile Include="src\Platform\Windows\WindowsWindow.cpp">
      <Filter>Platform\Windows</Filter>
    </ClCompile>
  </ItemGroup>
</Project>